
Microsoft Visual Studio Solution File, Format Version 12.00
# Visual Studio Version 17
VisualStudioVersion = 17.10.35122.118
MinimumVisualStudioVersion = 10.0.40219.1
Project("{FAE04EC0-301F-11D3-BF4B-00C04F79EFBC}") = "Atividade_Almir_Api", "Atividade_Almir_Api.csproj", "{D3732CBC-0F36-45B4-A322-97F5EFE52EAF}"
EndProject
Global
	GlobalSection(SolutionConfigurationPlatforms) = preSolution
		Debug|Any CPU = Debug|Any CPU
		Release|Any CPU = Release|Any CPU
	EndGlobalSection
	GlobalSection(ProjectConfigurationPlatforms) = postSolution
		{D3732CBC-0F36-45B4-A322-97F5EFE52EAF}.Debug|Any CPU.ActiveCfg = Debug|Any CPU
		{D3732CBC-0F36-45B4-A322-97F5EFE52EAF}.Debug|Any CPU.Build.0 = Debug|Any CPU
		{D3732CBC-0F36-45B4-A322-97F5EFE52EAF}.Release|Any CPU.ActiveCfg = Release|Any CPU
		{D3732CBC-0F36-45B4-A322-97F5EFE52EAF}.Release|Any CPU.Build.0 = Release|Any CPU
	EndGlobalSection
	GlobalSection(SolutionProperties) = preSolution
		HideSolutionNode = FALSE
	EndGlobalSection
	GlobalSection(ExtensibilityGlobals) = postSolution
		SolutionGuid = {02AF073C-300C-4979-99CC-4E0FF5408D53}
	EndGlobalSection
EndGlobal
